<?xml version="1.0" encoding="utf-8"?>
<Project ToolsVersion="4.0" xmlns:atg="http://atg.xbox.com" xmlns="http://schemas.microsoft.com/developer/msbuild/2003">
  <ItemGroup>
    <Filter Include="Resource Files">
      <UniqueIdentifier>{8e114980-c1a3-4ada-ad7c-83caadf5daeb}</UniqueIdentifier>
      <Extensions>rc;ico;cur;bmp;dlg;rc2;rct;bin;rgs;gif;jpg;jpeg;jpe</Extensions>
    </Filter>
    <Filter Include="Shaders">
      <UniqueIdentifier>{2c3d4c8c-5d1a-459a-a05a-a4e4b608a44e}</UniqueIdentifier>
      <Extensions>fx;fxh;hlsl</Extensions>
    </Filter>
    <Filter Include="Source">
      <UniqueIdentifier>{35a798ab-1f64-4d02-a32e-e4f9c1f04ee0}</UniqueIdentifier>
    </Filter>
    <Filter Include="Source\Resources">
      <UniqueIdentifier>{55c3a8c6-f188-4aba-9af4-fdfc9a322f68}</UniqueIdentifier>
    </Filter>
    <Filter Include="Source\Particles">
      <UniqueIdentifier>{bd4d5bb4-f0f6-4223-9330-3ee001a81fa4}</UniqueIdentifier>
    </Filter>
  </ItemGroup>
  <ItemGroup>
    <CLInclude Include="resource.h">
      <Filter>Resource Files</Filter>
    </CLInclude>
    <ClInclude Include="Particle.h">
      <Filter>Source\Particles</Filter>
    </ClInclude>
    <ClInclude Include="ParticleManager.h">
      <Filter>Source\Particles</Filter>
    </ClInclude>
    <ClInclude Include="ParticleSystem.h">
      <Filter>Source\Particles</Filter>
    </ClInclude>
    <ClInclude Include="FireParticleSystem.h">
      <Filter>Source\Particles</Filter>
    </ClInclude>
    <ClInclude Include="Constants.h">
      <Filter>Source\Resources</Filter>
    </ClInclude>
    <ClInclude Include="DDSTextureLoader.h">
      <Filter>Source\Resources</Filter>
    </ClInclude>
    <ClInclude Include="Debug.h">
      <Filter>Source\Resources</Filter>
    </ClInclude>
    <ClInclude Include="json.hpp">
      <Filter>Source\Resources</Filter>
    </ClInclude>
    <ClInclude Include="OBJLoader.h">
      <Filter>Source\Resources</Filter>
    </ClInclude>
    <ClInclude Include="Structs.h">
      <Filter>Source\Resources</Filter>
    </ClInclude>
    <ClInclude Include="Vector3D.h">
      <Filter>Source\Resources</Filter>
    </ClInclude>
    <ClInclude Include="Appearance.h">
      <Filter>Source</Filter>
    </ClInclude>
    <ClInclude Include="Application.h">
      <Filter>Source</Filter>
    </ClInclude>
    <ClInclude Include="Camera.h">
      <Filter>Source</Filter>
    </ClInclude>
    <ClInclude Include="Light.h">
      <Filter>Source</Filter>
    </ClInclude>
    <ClInclude Include="WorldObject.h">
      <Filter>Source</Filter>
    </ClInclude>
    <ClInclude Include="Transform.h">
      <Filter>Source</Filter>
    </ClInclude>
    <ClInclude Include="ParticleModel.h">
      <Filter>Source\Particles</Filter>
    </ClInclude>
    <ClInclude Include="Quaternion.h">
      <Filter>Source\Resources</Filter>
    </ClInclude>
  </ItemGroup>
  <ItemGroup>
    <None Include="SceneData.json" />
    <None Include="SceneDataProcedural.json" />
  </ItemGroup>
  <ItemGroup>
    <ResourceCompile Include="DX11 Framework.rc">
      <Filter>Resource Files</Filter>
    </ResourceCompile>
  </ItemGroup>
  <ItemGroup>
    <ClCompile Include="DX11 Framework.cpp" />
    <ClCompile Include="Particle.cpp">
      <Filter>Source\Particles</Filter>
    </ClCompile>
    <ClCompile Include="ParticleManager.cpp">
      <Filter>Source\Particles</Filter>
    </ClCompile>
    <ClCompile Include="ParticleSystem.cpp">
      <Filter>Source\Particles</Filter>
    </ClCompile>
    <ClCompile Include="FireParticleSystem.cpp">
      <Filter>Source\Particles</Filter>
    </ClCompile>
    <ClCompile Include="DDSTextureLoader.cpp">
      <Filter>Source\Resources</Filter>
    </ClCompile>
    <ClCompile Include="OBJLoader.cpp">
      <Filter>Source\Resources</Filter>
    </ClCompile>
    <ClCompile Include="Vector3D.cpp">
      <Filter>Source\Resources</Filter>
    </ClCompile>
    <ClCompile Include="Appearance.cpp">
      <Filter>Source</Filter>
    </ClCompile>
    <ClCompile Include="Application.cpp">
      <Filter>Source</Filter>
    </ClCompile>
    <ClCompile Include="Camera.cpp">
      <Filter>Source</Filter>
    </ClCompile>
    <ClCompile Include="Light.cpp">
      <Filter>Source</Filter>
    </ClCompile>
    <ClCompile Include="WorldObject.cpp">
      <Filter>Source</Filter>
    </ClCompile>
    <ClCompile Include="Transform.cpp">
      <Filter>Source</Filter>
    </ClCompile>
    <ClCompile Include="ParticleModel.cpp">
      <Filter>Source\Particles</Filter>
    </ClCompile>
  </ItemGroup>
  <ItemGroup>
    <FxCompile Include="DX11 Framework Terrain.fx">
      <Filter>Shaders</Filter>
    </FxCompile>
    <FxCompile Include="DX11 Framework.fx">
      <Filter>Shaders</Filter>
    </FxCompile>
  </ItemGroup>
</Project>